
Microsoft Visual Studio Solution File, Format Version 12.00
# Visual Studio 15
VisualStudioVersion = 15.0.28010.2046
MinimumVisualStudioVersion = 10.0.40219.1
Project("{E24C65DC-7377-472B-9ABA-BC803B73C61A}") = "MagicMaths", ".", "{32564D47-191E-42C5-91BD-4F66F528C1F5}"
	ProjectSection(WebsiteProperties) = preProject
		TargetFrameworkMoniker = ".NETFramework,Version%3Dv4.0"
		Debug.AspNetCompiler.VirtualPath = "/localhost_50012"
		Debug.AspNetCompiler.PhysicalPath = "..\MagicMaths\"
		Debug.AspNetCompiler.TargetPath = "PrecompiledWeb\localhost_50012\"
		Debug.AspNetCompiler.Updateable = "true"
		Debug.AspNetCompiler.ForceOverwrite = "true"
		Debug.AspNetCompiler.FixedNames = "false"
		Debug.AspNetCompiler.Debug = "True"
		Release.AspNetCompiler.VirtualPath = "/localhost_50012"
		Release.AspNetCompiler.PhysicalPath = "..\MagicMaths\"
		Release.AspNetCompiler.TargetPath = "PrecompiledWeb\localhost_50012\"
		Release.AspNetCompiler.Updateable = "true"
		Release.AspNetCompiler.ForceOverwrite = "true"
		Release.AspNetCompiler.FixedNames = "false"
		Release.AspNetCompiler.Debug = "False"
		VWDPort = "50012"
		SlnRelativePath = "..\MagicMaths\"
	EndProjectSection
EndProject
Global
	GlobalSection(SolutionConfigurationPlatforms) = preSolution
		Debug|Any CPU = Debug|Any CPU
	EndGlobalSection
	GlobalSection(ProjectConfigurationPlatforms) = postSolution
		{32564D47-191E-42C5-91BD-4F66F528C1F5}.Debug|Any CPU.ActiveCfg = Debug|Any CPU
		{32564D47-191E-42C5-91BD-4F66F528C1F5}.Debug|Any CPU.Build.0 = Debug|Any CPU
	EndGlobalSection
	GlobalSection(SolutionProperties) = preSolution
		HideSolutionNode = FALSE
	EndGlobalSection
	GlobalSection(ExtensibilityGlobals) = postSolution
		SolutionGuid = {11577DDD-0534-4027-86BF-80D87C8C2FD9}
	EndGlobalSection
EndGlobal
